
Microsoft Visual Studio Solution File, Format Version 12.00
# Visual Studio Version 16
VisualStudioVersion = 16.0.28803.352
MinimumVisualStudioVersion = 10.0.40219.1
Project("{9A19103F-16F7-4668-BE54-9A1E7A4F7556}") = "CusipPriceProcessor", "CusipPriceProcessor\CusipPriceProcessor.csproj", "{0A84AEF2-18E4-46C8-B629-91960AC6B362}"
EndProject
Project("{9A19103F-16F7-4668-BE54-9A1E7A4F7556}") = "CusipPriceProcessor.Test", "CusipPriceProcessor.Test\CusipPriceProcessor.Test.csproj", "{AD86EE2D-C14D-415B-BC21-B17DB95693DD}"
EndProject
Project("{9A19103F-16F7-4668-BE54-9A1E7A4F7556}") = "Utils", "Utils\Utils.csproj", "{A2C00719-47FD-42D5-8BC4-51359FBE42B7}"
EndProject
Project("{9A19103F-16F7-4668-BE54-9A1E7A4F7556}") = "CusipPriceMain", "CusipPriceMain\CusipPriceMain.csproj", "{8E4802FD-9D73-4E56-92FD-98A6AD2D6648}"
EndProject
Project("{9A19103F-16F7-4668-BE54-9A1E7A4F7556}") = "AnagramMain", "AnagramMain\AnagramMain.csproj", "{39DECECA-6557-4309-802E-FDD8E2ED6747}"
EndProject
Project("{2150E333-8FDC-42A3-9474-1A3956D46DE8}") = "Anagram", "Anagram", "{CE0E2561-AD32-48C9-92B5-C5CD2CE09B4E}"
EndProject
Project("{2150E333-8FDC-42A3-9474-1A3956D46DE8}") = "CusipPrice", "CusipPrice", "{0C4C453C-7C2F-4E80-BEBB-B16A4666327D}"
EndProject
Project("{9A19103F-16F7-4668-BE54-9A1E7A4F7556}") = "Anagram.Test", "Anagram.Test\Anagram.Test.csproj", "{961BE17A-8392-4EA1-933C-6C2940E23518}"
EndProject
Project("{2150E333-8FDC-42A3-9474-1A3956D46DE8}") = "CusipPrice.Cpp", "CusipPrice.Cpp", "{D28A859F-14A3-40A4-92A6-99C4859B9D12}"
EndProject
Project("{8BC9CEB8-8B4A-11D0-8D11-00A0C91BC942}") = "CusipPriceCpp", "CusipPriceCpp\CusipPriceCpp.vcxproj", "{9EFC3B6D-7D2F-44ED-A8F0-0EAA8AD90251}"
EndProject
Global
	GlobalSection(SolutionConfigurationPlatforms) = preSolution
		Debug|Any CPU = Debug|Any CPU
		Debug|x64 = Debug|x64
		Debug|x86 = Debug|x86
		Release|Any CPU = Release|Any CPU
		Release|x64 = Release|x64
		Release|x86 = Release|x86
	EndGlobalSection
	GlobalSection(ProjectConfigurationPlatforms) = postSolution
		{0A84AEF2-18E4-46C8-B629-91960AC6B362}.Debug|Any CPU.ActiveCfg = Debug|Any CPU
		{0A84AEF2-18E4-46C8-B629-91960AC6B362}.Debug|Any CPU.Build.0 = Debug|Any CPU
		{0A84AEF2-18E4-46C8-B629-91960AC6B362}.Debug|x64.ActiveCfg = Debug|Any CPU
		{0A84AEF2-18E4-46C8-B629-91960AC6B362}.Debug|x64.Build.0 = Debug|Any CPU
		{0A84AEF2-18E4-46C8-B629-91960AC6B362}.Debug|x86.ActiveCfg = Debug|Any CPU
		{0A84AEF2-18E4-46C8-B629-91960AC6B362}.Debug|x86.Build.0 = Debug|Any CPU
		{0A84AEF2-18E4-46C8-B629-91960AC6B362}.Release|Any CPU.ActiveCfg = Release|Any CPU
		{0A84AEF2-18E4-46C8-B629-91960AC6B362}.Release|Any CPU.Build.0 = Release|Any CPU
		{0A84AEF2-18E4-46C8-B629-91960AC6B362}.Release|x64.ActiveCfg = Release|Any CPU
		{0A84AEF2-18E4-46C8-B629-91960AC6B362}.Release|x64.Build.0 = Release|Any CPU
		{0A84AEF2-18E4-46C8-B629-91960AC6B362}.Release|x86.ActiveCfg = Release|Any CPU
		{0A84AEF2-18E4-46C8-B629-91960AC6B362}.Release|x86.Build.0 = Release|Any CPU
		{AD86EE2D-C14D-415B-BC21-B17DB95693DD}.Debug|Any CPU.ActiveCfg = Debug|Any CPU
		{AD86EE2D-C14D-415B-BC21-B17DB95693DD}.Debug|Any CPU.Build.0 = Debug|Any CPU
		{AD86EE2D-C14D-415B-BC21-B17DB95693DD}.Debug|x64.ActiveCfg = Debug|Any CPU
		{AD86EE2D-C14D-415B-BC21-B17DB95693DD}.Debug|x64.Build.0 = Debug|Any CPU
		{AD86EE2D-C14D-415B-BC21-B17DB95693DD}.Debug|x86.ActiveCfg = Debug|Any CPU
		{AD86EE2D-C14D-415B-BC21-B17DB95693DD}.Debug|x86.Build.0 = Debug|Any CPU
		{AD86EE2D-C14D-415B-BC21-B17DB95693DD}.Release|Any CPU.ActiveCfg = Release|Any CPU
		{AD86EE2D-C14D-415B-BC21-B17DB95693DD}.Release|Any CPU.Build.0 = Release|Any CPU
		{AD86EE2D-C14D-415B-BC21-B17DB95693DD}.Release|x64.ActiveCfg = Release|Any CPU
		{AD86EE2D-C14D-415B-BC21-B17DB95693DD}.Release|x64.Build.0 = Release|Any CPU
		{AD86EE2D-C14D-415B-BC21-B17DB95693DD}.Release|x86.ActiveCfg = Release|Any CPU
		{AD86EE2D-C14D-415B-BC21-B17DB95693DD}.Release|x86.Build.0 = Release|Any CPU
		{A2C00719-47FD-42D5-8BC4-51359FBE42B7}.Debug|Any CPU.ActiveCfg = Debug|Any CPU
		{A2C00719-47FD-42D5-8BC4-51359FBE42B7}.Debug|Any CPU.Build.0 = Debug|Any CPU
		{A2C00719-47FD-42D5-8BC4-51359FBE42B7}.Debug|x64.ActiveCfg = Debug|Any CPU
		{A2C00719-47FD-42D5-8BC4-51359FBE42B7}.Debug|x64.Build.0 = Debug|Any CPU
		{A2C00719-47FD-42D5-8BC4-51359FBE42B7}.Debug|x86.ActiveCfg = Debug|Any CPU
		{A2C00719-47FD-42D5-8BC4-51359FBE42B7}.Debug|x86.Build.0 = Debug|Any CPU
		{A2C00719-47FD-42D5-8BC4-51359FBE42B7}.Release|Any CPU.ActiveCfg = Release|Any CPU
		{A2C00719-47FD-42D5-8BC4-51359FBE42B7}.Release|Any CPU.Build.0 = Release|Any CPU
		{A2C00719-47FD-42D5-8BC4-51359FBE42B7}.Release|x64.ActiveCfg = Release|Any CPU
		{A2C00719-47FD-42D5-8BC4-51359FBE42B7}.Release|x64.Build.0 = Release|Any CPU
		{A2C00719-47FD-42D5-8BC4-51359FBE42B7}.Release|x86.ActiveCfg = Release|Any CPU
		{A2C00719-47FD-42D5-8BC4-51359FBE42B7}.Release|x86.Build.0 = Release|Any CPU
		{8E4802FD-9D73-4E56-92FD-98A6AD2D6648}.Debug|Any CPU.ActiveCfg = Debug|Any CPU
		{8E4802FD-9D73-4E56-92FD-98A6AD2D6648}.Debug|Any CPU.Build.0 = Debug|Any CPU
		{8E4802FD-9D73-4E56-92FD-98A6AD2D6648}.Debug|x64.ActiveCfg = Debug|Any CPU
		{8E4802FD-9D73-4E56-92FD-98A6AD2D6648}.Debug|x64.Build.0 = Debug|Any CPU
		{8E4802FD-9D73-4E56-92FD-98A6AD2D6648}.Debug|x86.ActiveCfg = Debug|Any CPU
		{8E4802FD-9D73-4E56-92FD-98A6AD2D6648}.Debug|x86.Build.0 = Debug|Any CPU
		{8E4802FD-9D73-4E56-92FD-98A6AD2D6648}.Release|Any CPU.ActiveCfg = Release|Any CPU
		{8E4802FD-9D73-4E56-92FD-98A6AD2D6648}.Release|Any CPU.Build.0 = Release|Any CPU
		{8E4802FD-9D73-4E56-92FD-98A6AD2D6648}.Release|x64.ActiveCfg = Release|Any CPU
		{8E4802FD-9D73-4E56-92FD-98A6AD2D6648}.Release|x64.Build.0 = Release|Any CPU
		{8E4802FD-9D73-4E56-92FD-98A6AD2D6648}.Release|x86.ActiveCfg = Release|Any CPU
		{8E4802FD-9D73-4E56-92FD-98A6AD2D6648}.Release|x86.Build.0 = Release|Any CPU
		{39DECECA-6557-4309-802E-FDD8E2ED6747}.Debug|Any CPU.ActiveCfg = Debug|Any CPU
		{39DECECA-6557-4309-802E-FDD8E2ED6747}.Debug|Any CPU.Build.0 = Debug|Any CPU
		{39DECECA-6557-4309-802E-FDD8E2ED6747}.Debug|x64.ActiveCfg = Debug|Any CPU
		{39DECECA-6557-4309-802E-FDD8E2ED6747}.Debug|x64.Build.0 = Debug|Any CPU
		{39DECECA-6557-4309-802E-FDD8E2ED6747}.Debug|x86.ActiveCfg = Debug|Any CPU
		{39DECECA-6557-4309-802E-FDD8E2ED6747}.Debug|x86.Build.0 = Debug|Any CPU
		{39DECECA-6557-4309-802E-FDD8E2ED6747}.Release|Any CPU.ActiveCfg = Release|Any CPU
		{39DECECA-6557-4309-802E-FDD8E2ED6747}.Release|Any CPU.Build.0 = Release|Any CPU
		{39DECECA-6557-4309-802E-FDD8E2ED6747}.Release|x64.ActiveCfg = Release|Any CPU
		{39DECECA-6557-4309-802E-FDD8E2ED6747}.Release|x64.Build.0 = Release|Any CPU
		{39DECECA-6557-4309-802E-FDD8E2ED6747}.Release|x86.ActiveCfg = Release|Any CPU
		{39DECECA-6557-4309-802E-FDD8E2ED6747}.Release|x86.Build.0 = Release|Any CPU
		{961BE17A-8392-4EA1-933C-6C2940E23518}.Debug|Any CPU.ActiveCfg = Debug|Any CPU
		{961BE17A-8392-4EA1-933C-6C2940E23518}.Debug|Any CPU.Build.0 = Debug|Any CPU
		{961BE17A-8392-4EA1-933C-6C2940E23518}.Debug|x64.ActiveCfg = Debug|Any CPU
		{961BE17A-8392-4EA1-933C-6C2940E23518}.Debug|x64.Build.0 = Debug|Any CPU
		{961BE17A-8392-4EA1-933C-6C2940E23518}.Debug|x86.ActiveCfg = Debug|Any CPU
		{961BE17A-8392-4EA1-933C-6C2940E23518}.Debug|x86.Build.0 = Debug|Any CPU
		{961BE17A-8392-4EA1-933C-6C2940E23518}.Release|Any CPU.ActiveCfg = Release|Any CPU
		{961BE17A-8392-4EA1-933C-6C2940E23518}.Release|Any CPU.Build.0 = Release|Any CPU
		{961BE17A-8392-4EA1-933C-6C2940E23518}.Release|x64.ActiveCfg = Release|Any CPU
		{961BE17A-8392-4EA1-933C-6C2940E23518}.Release|x64.Build.0 = Release|Any CPU
		{961BE17A-8392-4EA1-933C-6C2940E23518}.Release|x86.ActiveCfg = Release|Any CPU
		{961BE17A-8392-4EA1-933C-6C2940E23518}.Release|x86.Build.0 = Release|Any CPU
		{9EFC3B6D-7D2F-44ED-A8F0-0EAA8AD90251}.Debug|Any CPU.ActiveCfg = Debug|Win32
		{9EFC3B6D-7D2F-44ED-A8F0-0EAA8AD90251}.Debug|x64.ActiveCfg = Debug|x64
		{9EFC3B6D-7D2F-44ED-A8F0-0EAA8AD90251}.Debug|x64.Build.0 = Debug|x64
		{9EFC3B6D-7D2F-44ED-A8F0-0EAA8AD90251}.Debug|x86.ActiveCfg = Debug|Win32
		{9EFC3B6D-7D2F-44ED-A8F0-0EAA8AD90251}.Debug|x86.Build.0 = Debug|Win32
		{9EFC3B6D-7D2F-44ED-A8F0-0EAA8AD90251}.Release|Any CPU.ActiveCfg = Release|Win32
		{9EFC3B6D-7D2F-44ED-A8F0-0EAA8AD90251}.Release|x64.ActiveCfg = Release|x64
		{9EFC3B6D-7D2F-44ED-A8F0-0EAA8AD90251}.Release|x64.Build.0 = Release|x64
		{9EFC3B6D-7D2F-44ED-A8F0-0EAA8AD90251}.Release|x86.ActiveCfg = Release|Win32
		{9EFC3B6D-7D2F-44ED-A8F0-0EAA8AD90251}.Release|x86.Build.0 = Release|Win32
	EndGlobalSection
	GlobalSection(SolutionProperties) = preSolution
		HideSolutionNode = FALSE
	EndGlobalSection
	GlobalSection(NestedProjects) = preSolution
		{0A84AEF2-18E4-46C8-B629-91960AC6B362} = {0C4C453C-7C2F-4E80-BEBB-B16A4666327D}
		{AD86EE2D-C14D-415B-BC21-B17DB95693DD} = {0C4C453C-7C2F-4E80-BEBB-B16A4666327D}
		{A2C00719-47FD-42D5-8BC4-51359FBE42B7} = {0C4C453C-7C2F-4E80-BEBB-B16A4666327D}
		{8E4802FD-9D73-4E56-92FD-98A6AD2D6648} = {0C4C453C-7C2F-4E80-BEBB-B16A4666327D}
		{39DECECA-6557-4309-802E-FDD8E2ED6747} = {CE0E2561-AD32-48C9-92B5-C5CD2CE09B4E}
		{961BE17A-8392-4EA1-933C-6C2940E23518} = {CE0E2561-AD32-48C9-92B5-C5CD2CE09B4E}
		{9EFC3B6D-7D2F-44ED-A8F0-0EAA8AD90251} = {D28A859F-14A3-40A4-92A6-99C4859B9D12}
	EndGlobalSection
	GlobalSection(ExtensibilityGlobals) = postSolution
		SolutionGuid = {676990E9-9823-4C62-B7F9-91C07E9258C1}
	EndGlobalSection
EndGlobal
